
Microsoft Visual Studio Solution File, Format Version 10.00
# Visual Studio 2008
Project("{8BC9CEB8-8B4A-11D0-8D11-00A0C91BC942}") = "getPythonSetEnv", "getPythonSetEnv.vcproj", "{8E28634C-759B-4C24-B7BF-D39EC61B0B4A}"
EndProject
Global
	GlobalSection(SolutionConfigurationPlatforms) = preSolution
		Debug|Win32 = Debug|Win32
		Release|Win32 = Release|Win32
	EndGlobalSection
	GlobalSection(ProjectConfigurationPlatforms) = postSolution
		{8E28634C-759B-4C24-B7BF-D39EC61B0B4A}.Debug|Win32.ActiveCfg = Debug|Win32
		{8E28634C-759B-4C24-B7BF-D39EC61B0B4A}.Debug|Win32.Build.0 = Debug|Win32
		{8E28634C-759B-4C24-B7BF-D39EC61B0B4A}.Release|Win32.ActiveCfg = Release|Win32
		{8E28634C-759B-4C24-B7BF-D39EC61B0B4A}.Release|Win32.Build.0 = Release|Win32
	EndGlobalSection
	GlobalSection(SolutionProperties) = preSolution
		HideSolutionNode = FALSE
	EndGlobalSection
EndGlobal
